{
  "name": "mindfulai-frontend",
  "version": "3.0.0",
  "lockfileVersion": 3,
  "requires": true,
  "packages": {
    "": {
      "name": "mindfulai-frontend",
      "version": "3.0.0",
      "dependencies": {
        "axios": "1.6.5",
        "clsx": "2.1.0",
        "next": "14.1.0",
        "react": "18.2.0",
        "react-dom": "18.2.0",
        "uuid": "9.0.1"
      },
      "devDependencies": {
        "@types/node": "20.11.5",
        "@types/react": "18.2.48",
        "@types/react-dom": "18.2.18",
        "@types/uuid": "9.0.7",
        "autoprefixer": "10.4.17",
        "postcss": "8.4.33",
        "tailwindcss": "3.4.1",
        "typescript": "5.3.3"
      }
    }
  },
  "dependencies": {
    "axios": {
      "version": "1.6.5"
    },
    "clsx": {
      "version": "2.1.0"
    },
    "next": {
      "version": "14.1.0"
    },
    "react": {
      "version": "18.2.0"
    },
    "react-dom": {
      "version": "18.2.0"
    },
    "uuid": {
      "version": "9.0.1"
    },
    "@types/node": {
      "version": "20.11.5",
      "dev": true
    },
    "@types/react": {
      "version": "18.2.48",
      "dev": true
    },
    "@types/react-dom": {
      "version": "18.2.18",
      "dev": true
    },
    "@types/uuid": {
      "version": "9.0.7",
      "dev": true
    },
    "autoprefixer": {
      "version": "10.4.17",
      "dev": true
    },
    "postcss": {
      "version": "8.4.33",
      "dev": true
    },
    "tailwindcss": {
      "version": "3.4.1",
      "dev": true
    },
    "typescript": {
      "version": "5.3.3",
      "dev": true
    }
  }
}